
Microsoft Visual Studio Solution File, Format Version 12.00
# Visual Studio 14
VisualStudioVersion = 14.0.25420.1
MinimumVisualStudioVersion = 10.0.40219.1
Project("{FAE04EC0-301F-11D3-BF4B-00C04F79EFBC}") = "Twitch.Api", "Twitch.Api\Twitch.Api.csproj", "{D8AF0C3F-5582-4F90-A806-E16455D2AA4E}"
EndProject
Project("{FAE04EC0-301F-11D3-BF4B-00C04F79EFBC}") = "TwitchSharp", "TwitchSharp\TwitchSharp.csproj", "{B2706BFF-9A69-4B4B-AD0D-313520C68A92}"
EndProject
Project("{2150E333-8FDC-42A3-9474-1A3956D46DE8}") = "Nuget", "Nuget", "{06EB9C64-8EF2-4DB5-94F5-2E3E7CAFCABA}"
EndProject
Project("{FAE04EC0-301F-11D3-BF4B-00C04F79EFBC}") = "NuGet.Packager1", "NuGet.Packager1\NuGet.Packager1.csproj", "{0451BAEF-DF2E-4B98-8644-94EE9415E389}"
EndProject
Project("{FAE04EC0-301F-11D3-BF4B-00C04F79EFBC}") = "TwitchSharp.Winforms", "TwitchSharp.Winforms\TwitchSharp.Winforms.csproj", "{7A354E8B-E2EB-4704-B7B3-88F847AFADD3}"
EndProject
Project("{FAE04EC0-301F-11D3-BF4B-00C04F79EFBC}") = "TwitchSharp.Di", "TwitchSharp.Di\TwitchSharp.Di.csproj", "{11194ED3-2102-4D9B-B907-5A8DDCA4FDF6}"
EndProject
Project("{FAE04EC0-301F-11D3-BF4B-00C04F79EFBC}") = "TwitchSharp.Api", "TwitchSharp.Api\TwitchSharp.Api.csproj", "{E674CE53-040D-4A93-92C8-E59132F8ED63}"
EndProject
Project("{FAE04EC0-301F-11D3-BF4B-00C04F79EFBC}") = "TwitchSharp.Service", "TwitchSharp.Service\TwitchSharp.Service.csproj", "{8D8721A0-5241-41DA-A191-5F34E0CFE803}"
EndProject
Global
	GlobalSection(SolutionConfigurationPlatforms) = preSolution
		Debug|Any CPU = Debug|Any CPU
		Release|Any CPU = Release|Any CPU
	EndGlobalSection
	GlobalSection(ProjectConfigurationPlatforms) = postSolution
		{D8AF0C3F-5582-4F90-A806-E16455D2AA4E}.Debug|Any CPU.ActiveCfg = Debug|Any CPU
		{D8AF0C3F-5582-4F90-A806-E16455D2AA4E}.Debug|Any CPU.Build.0 = Debug|Any CPU
		{D8AF0C3F-5582-4F90-A806-E16455D2AA4E}.Release|Any CPU.ActiveCfg = Release|Any CPU
		{D8AF0C3F-5582-4F90-A806-E16455D2AA4E}.Release|Any CPU.Build.0 = Release|Any CPU
		{B2706BFF-9A69-4B4B-AD0D-313520C68A92}.Debug|Any CPU.ActiveCfg = Debug|Any CPU
		{B2706BFF-9A69-4B4B-AD0D-313520C68A92}.Debug|Any CPU.Build.0 = Debug|Any CPU
		{B2706BFF-9A69-4B4B-AD0D-313520C68A92}.Release|Any CPU.ActiveCfg = Release|Any CPU
		{B2706BFF-9A69-4B4B-AD0D-313520C68A92}.Release|Any CPU.Build.0 = Release|Any CPU
		{0451BAEF-DF2E-4B98-8644-94EE9415E389}.Debug|Any CPU.ActiveCfg = Debug|Any CPU
		{0451BAEF-DF2E-4B98-8644-94EE9415E389}.Debug|Any CPU.Build.0 = Debug|Any CPU
		{0451BAEF-DF2E-4B98-8644-94EE9415E389}.Release|Any CPU.ActiveCfg = Release|Any CPU
		{0451BAEF-DF2E-4B98-8644-94EE9415E389}.Release|Any CPU.Build.0 = Release|Any CPU
		{7A354E8B-E2EB-4704-B7B3-88F847AFADD3}.Debug|Any CPU.ActiveCfg = Debug|Any CPU
		{7A354E8B-E2EB-4704-B7B3-88F847AFADD3}.Debug|Any CPU.Build.0 = Debug|Any CPU
		{7A354E8B-E2EB-4704-B7B3-88F847AFADD3}.Release|Any CPU.ActiveCfg = Release|Any CPU
		{7A354E8B-E2EB-4704-B7B3-88F847AFADD3}.Release|Any CPU.Build.0 = Release|Any CPU
		{11194ED3-2102-4D9B-B907-5A8DDCA4FDF6}.Debug|Any CPU.ActiveCfg = Debug|Any CPU
		{11194ED3-2102-4D9B-B907-5A8DDCA4FDF6}.Debug|Any CPU.Build.0 = Debug|Any CPU
		{11194ED3-2102-4D9B-B907-5A8DDCA4FDF6}.Release|Any CPU.ActiveCfg = Release|Any CPU
		{11194ED3-2102-4D9B-B907-5A8DDCA4FDF6}.Release|Any CPU.Build.0 = Release|Any CPU
		{E674CE53-040D-4A93-92C8-E59132F8ED63}.Debug|Any CPU.ActiveCfg = Debug|Any CPU
		{E674CE53-040D-4A93-92C8-E59132F8ED63}.Debug|Any CPU.Build.0 = Debug|Any CPU
		{E674CE53-040D-4A93-92C8-E59132F8ED63}.Release|Any CPU.ActiveCfg = Release|Any CPU
		{E674CE53-040D-4A93-92C8-E59132F8ED63}.Release|Any CPU.Build.0 = Release|Any CPU
		{8D8721A0-5241-41DA-A191-5F34E0CFE803}.Debug|Any CPU.ActiveCfg = Debug|Any CPU
		{8D8721A0-5241-41DA-A191-5F34E0CFE803}.Debug|Any CPU.Build.0 = Debug|Any CPU
		{8D8721A0-5241-41DA-A191-5F34E0CFE803}.Release|Any CPU.ActiveCfg = Release|Any CPU
		{8D8721A0-5241-41DA-A191-5F34E0CFE803}.Release|Any CPU.Build.0 = Release|Any CPU
	EndGlobalSection
	GlobalSection(SolutionProperties) = preSolution
		HideSolutionNode = FALSE
	EndGlobalSection
	GlobalSection(NestedProjects) = preSolution
		{0451BAEF-DF2E-4B98-8644-94EE9415E389} = {06EB9C64-8EF2-4DB5-94F5-2E3E7CAFCABA}
	EndGlobalSection
EndGlobal
